
Microsoft Visual Studio Solution File, Format Version 12.00
# Visual Studio 2015
Project("{FAE04EC0-301F-11D3-BF4B-00C04F79EFBC}") = "StoneTable.CSharp", "StoneTable.CSharp.csproj", "{5D360B43-ED1F-44BF-3C56-8A7493B8F934}"
EndProject
Global
	GlobalSection(SolutionConfigurationPlatforms) = preSolution
		Debug|Any CPU = Debug|Any CPU
		Release|Any CPU = Release|Any CPU
	EndGlobalSection
	GlobalSection(ProjectConfigurationPlatforms) = postSolution
		{5D360B43-ED1F-44BF-3C56-8A7493B8F934}.Debug|Any CPU.ActiveCfg = Debug|Any CPU
		{5D360B43-ED1F-44BF-3C56-8A7493B8F934}.Debug|Any CPU.Build.0 = Debug|Any CPU
		{5D360B43-ED1F-44BF-3C56-8A7493B8F934}.Release|Any CPU.ActiveCfg = Release|Any CPU
		{5D360B43-ED1F-44BF-3C56-8A7493B8F934}.Release|Any CPU.Build.0 = Release|Any CPU
	EndGlobalSection
	GlobalSection(SolutionProperties) = preSolution
		HideSolutionNode = FALSE
	EndGlobalSection
EndGlobal
